// !$*UTF8*$!
{
	archiveVersion = 1;
	classes = {
	};
	objectVersion = 48;
	objects = {

/* Begin PBXBuildFile section */
		19021BF7200F36C200B8DF4E /* ReplayKit.framework in Frameworks */ = {isa = PBXBuildFile; fileRef = 19021BF6200F36C200B8DF4E /* ReplayKit.framework */; };
		19021BF9200F48B900B8DF4E /* ThirteenARViewController.swift in Sources */ = {isa = PBXBuildFile; fileRef = 19021BF8200F48B900B8DF4E /* ThirteenARViewController.swift */; };
		19021BFE200F494400B8DF4E /* CoreLocation.framework in Frameworks */ = {isa = PBXBuildFile; fileRef = 19021BFD200F494400B8DF4E /* CoreLocation.framework */; };
		19031186201073150001C25D /* LocationService.swift in Sources */ = {isa = PBXBuildFile; fileRef = 19031185201073150001C25D /* LocationService.swift */; };
		1903118820107A8A0001C25D /* MatrixHelper.swift in Sources */ = {isa = PBXBuildFile; fileRef = 1903118720107A8A0001C25D /* MatrixHelper.swift */; };
		1903118A20109AB60001C25D /* CoreML.framework in Frameworks */ = {isa = PBXBuildFile; fileRef = 1903118920109AB60001C25D /* CoreML.framework */; };
		1903118C20109AC50001C25D /* Vision.framework in Frameworks */ = {isa = PBXBuildFile; fileRef = 1903118B20109AC50001C25D /* Vision.framework */; };
		1903118E20109AEB0001C25D /* MLDemoViewController.swift in Sources */ = {isa = PBXBuildFile; fileRef = 1903118D20109AEB0001C25D /* MLDemoViewController.swift */; };
		1940D2081FF34AF10018914F /* AppDelegate.swift in Sources */ = {isa = PBXBuildFile; fileRef = 1940D2071FF34AF10018914F /* AppDelegate.swift */; };
		1940D20A1FF34AF10018914F /* ViewController.swift in Sources */ = {isa = PBXBuildFile; fileRef = 1940D2091FF34AF10018914F /* ViewController.swift */; };
		1940D20D1FF34AF20018914F /* Main.storyboard in Resources */ = {isa = PBXBuildFile; fileRef = 1940D20B1FF34AF20018914F /* Main.storyboard */; };
		1940D20F1FF34AF20018914F /* Assets.xcassets in Resources */ = {isa = PBXBuildFile; fileRef = 1940D20E1FF34AF20018914F /* Assets.xcassets */; };
		1940D2121FF34AF20018914F /* LaunchScreen.storyboard in Resources */ = {isa = PBXBuildFile; fileRef = 1940D2101FF34AF20018914F /* LaunchScreen.storyboard */; };
		1940D21A1FF34B570018914F /* TabViewController.swift in Sources */ = {isa = PBXBuildFile; fileRef = 1940D2191FF34B570018914F /* TabViewController.swift */; };
		1940D21C1FF34BC80018914F /* OneARViewController.swift in Sources */ = {isa = PBXBuildFile; fileRef = 1940D21B1FF34BC80018914F /* OneARViewController.swift */; };
		1940D2481FF369480018914F /* art.scnassets in Resources */ = {isa = PBXBuildFile; fileRef = 1940D2471FF369480018914F /* art.scnassets */; };
		1940D24A1FF378F60018914F /* TwoARViewController.swift in Sources */ = {isa = PBXBuildFile; fileRef = 1940D2491FF378F60018914F /* TwoARViewController.swift */; };
		19483E4D1FFDBAB800ED72F9 /* NineARViewController.swift in Sources */ = {isa = PBXBuildFile; fileRef = 19483E4C1FFDBAB800ED72F9 /* NineARViewController.swift */; };
		194A10752011D8B900D83E8A /* Inceptionv3.mlmodel in Sources */ = {isa = PBXBuildFile; fileRef = 194A10742011D8B900D83E8A /* Inceptionv3.mlmodel */; };
		194A10772011E72400D83E8A /* ML_ImgViewController.swift in Sources */ = {isa = PBXBuildFile; fileRef = 194A10762011E72400D83E8A /* ML_ImgViewController.swift */; };
		194A10792011E9AF00D83E8A /* UIImage+CVPixelBuffer.swift in Sources */ = {isa = PBXBuildFile; fileRef = 194A10782011E9AF00D83E8A /* UIImage+CVPixelBuffer.swift */; };
		1955765B1FF4CBD800655B88 /* FiveARViewController.swift in Sources */ = {isa = PBXBuildFile; fileRef = 1955765A1FF4CBD800655B88 /* FiveARViewController.swift */; };
		196B0AC2200C860E00B144EF /* TwelveARViewController.swift in Sources */ = {isa = PBXBuildFile; fileRef = 196B0AC1200C860E00B144EF /* TwelveARViewController.swift */; };
		197F5B911FF38EC800F693B7 /* ThreeARViewController.swift in Sources */ = {isa = PBXBuildFile; fileRef = 197F5B901FF38EC800F693B7 /* ThreeARViewController.swift */; };
		197F5B931FF39BDF00F693B7 /* FourARViewController.swift in Sources */ = {isa = PBXBuildFile; fileRef = 197F5B921FF39BDF00F693B7 /* FourARViewController.swift */; };
		19B68B251FFC7A350027EDFC /* SevenARViewController.swift in Sources */ = {isa = PBXBuildFile; fileRef = 19B68B241FFC7A350027EDFC /* SevenARViewController.swift */; };
		19B68B271FFCCC360027EDFC /* EightARViewController.swift in Sources */ = {isa = PBXBuildFile; fileRef = 19B68B261FFCCC360027EDFC /* EightARViewController.swift */; };
		19CB6EB91FFB2FAC00CEF2F8 /* SixARViewController.swift in Sources */ = {isa = PBXBuildFile; fileRef = 19CB6EB81FFB2FAC00CEF2F8 /* SixARViewController.swift */; };
		19E1FD6120036BC700F6165F /* TenARViewController.swift in Sources */ = {isa = PBXBuildFile; fileRef = 19E1FD6020036BC700F6165F /* TenARViewController.swift */; };
		19E1FD6620036C2600F6165F /* Utilities.swift in Sources */ = {isa = PBXBuildFile; fileRef = 19E1FD6320036C2500F6165F /* Utilities.swift */; };
		19E1FD6720036C2600F6165F /* ARSCNView+HitTests.swift in Sources */ = {isa = PBXBuildFile; fileRef = 19E1FD6420036C2600F6165F /* ARSCNView+HitTests.swift */; };
		19E1FD6820036C2600F6165F /* PreviewNode.swift in Sources */ = {isa = PBXBuildFile; fileRef = 19E1FD6520036C2600F6165F /* PreviewNode.swift */; };
		19E1FD6A20036C9800F6165F /* Extensions.swift in Sources */ = {isa = PBXBuildFile; fileRef = 19E1FD6920036C9800F6165F /* Extensions.swift */; };
		19E65CAB200746DC00E7B4BC /* ElevenARViewController.swift in Sources */ = {isa = PBXBuildFile; fileRef = 19E65CAA200746DC00E7B4BC /* ElevenARViewController.swift */; };
		19F0662F1FF613CB00AB3750 /* grass.jpg in Resources */ = {isa = PBXBuildFile; fileRef = 19F0662E1FF613CB00AB3750 /* grass.jpg */; };
/* End PBXBuildFile section */

/* Begin PBXFileReference section */
		19021BF6200F36C200B8DF4E /* ReplayKit.framework */ = {isa = PBXFileReference; lastKnownFileType = wrapper.framework; name = ReplayKit.framework; path = System/Library/Frameworks/ReplayKit.framework; sourceTree = SDKROOT; };
		19021BF8200F48B900B8DF4E /* ThirteenARViewController.swift */ = {isa = PBXFileReference; lastKnownFileType = sourcecode.swift; path = ThirteenARViewController.swift; sourceTree = "<group>"; };
		19021BFD200F494400B8DF4E /* CoreLocation.framework */ = {isa = PBXFileReference; lastKnownFileType = wrapper.framework; name = CoreLocation.framework; path = System/Library/Frameworks/CoreLocation.framework; sourceTree = SDKROOT; };
		19031185201073150001C25D /* LocationService.swift */ = {isa = PBXFileReference; fileEncoding = 4; lastKnownFileType = sourcecode.swift; path = LocationService.swift; sourceTree = "<group>"; };
		1903118720107A8A0001C25D /* MatrixHelper.swift */ = {isa = PBXFileReference; lastKnownFileType = sourcecode.swift; path = MatrixHelper.swift; sourceTree = "<group>"; };
		1903118920109AB60001C25D /* CoreML.framework */ = {isa = PBXFileReference; lastKnownFileType = wrapper.framework; name = CoreML.framework; path = System/Library/Frameworks/CoreML.framework; sourceTree = SDKROOT; };
		1903118B20109AC50001C25D /* Vision.framework */ = {isa = PBXFileReference; lastKnownFileType = wrapper.framework; name = Vision.framework; path = System/Library/Frameworks/Vision.framework; sourceTree = SDKROOT; };
		1903118D20109AEB0001C25D /* MLDemoViewController.swift */ = {isa = PBXFileReference; lastKnownFileType = sourcecode.swift; path = MLDemoViewController.swift; sourceTree = "<group>"; };
		1940D2041FF34AF10018914F /* ARDemo.app */ = {isa = PBXFileReference; explicitFileType = wrapper.application; includeInIndex = 0; path = ARDemo.app; sourceTree = BUILT_PRODUCTS_DIR; };
		1940D2071FF34AF10018914F /* AppDelegate.swift */ = {isa = PBXFileReference; lastKnownFileType = sourcecode.swift; path = AppDelegate.swift; sourceTree = "<group>"; };
		1940D2091FF34AF10018914F /* ViewController.swift */ = {isa = PBXFileReference; lastKnownFileType = sourcecode.swift; path = ViewController.swift; sourceTree = "<group>"; };
		1940D20C1FF34AF20018914F /* Base */ = {isa = PBXFileReference; lastKnownFileType = file.storyboard; name = Base; path = Base.lproj/Main.storyboard; sourceTree = "<group>"; };
		1940D20E1FF34AF20018914F /* Assets.xcassets */ = {isa = PBXFileReference; lastKnownFileType = folder.assetcatalog; path = Assets.xcassets; sourceTree = "<group>"; };
		1940D2111FF34AF20018914F /* Base */ = {isa = PBXFileReference; lastKnownFileType = file.storyboard; name = Base; path = Base.lproj/LaunchScreen.storyboard; sourceTree = "<group>"; };
		1940D2131FF34AF20018914F /* Info.plist */ = {isa = PBXFileReference; lastKnownFileType = text.plist.xml; path = Info.plist; sourceTree = "<group>"; };
		1940D2191FF34B570018914F /* TabViewController.swift */ = {isa = PBXFileReference; lastKnownFileType = sourcecode.swift; path = TabViewController.swift; sourceTree = "<group>"; };
		1940D21B1FF34BC80018914F /* OneARViewController.swift */ = {isa = PBXFileReference; lastKnownFileType = sourcecode.swift; path = OneARViewController.swift; sourceTree = "<group>"; };
		1940D23E1FF3675D0018914F /* UIKit.framework */ = {isa = PBXFileReference; lastKnownFileType = wrapper.framework; name = UIKit.framework; path = System/Library/Frameworks/UIKit.framework; sourceTree = SDKROOT; };
		1940D23F1FF367620018914F /* ARKit.framework */ = {isa = PBXFileReference; lastKnownFileType = wrapper.framework; name = ARKit.framework; path = System/Library/Frameworks/ARKit.framework; sourceTree = SDKROOT; };
		1940D2401FF367730018914F /* SceneKit.framework */ = {isa = PBXFileReference; lastKnownFileType = wrapper.framework; name = SceneKit.framework; path = System/Library/Frameworks/SceneKit.framework; sourceTree = SDKROOT; };
		1940D2471FF369480018914F /* art.scnassets */ = {isa = PBXFileReference; lastKnownFileType = wrapper.scnassets; path = art.scnassets; sourceTree = "<group>"; };
		1940D2491FF378F60018914F /* TwoARViewController.swift */ = {isa = PBXFileReference; lastKnownFileType = sourcecode.swift; path = TwoARViewController.swift; sourceTree = "<group>"; };
		19483E4C1FFDBAB800ED72F9 /* NineARViewController.swift */ = {isa = PBXFileReference; lastKnownFileType = sourcecode.swift; path = NineARViewController.swift; sourceTree = "<group>"; };
		194A10742011D8B900D83E8A /* Inceptionv3.mlmodel */ = {isa = PBXFileReference; lastKnownFileType = file.mlmodel; path = Inceptionv3.mlmodel; sourceTree = "<group>"; };
		194A10762011E72400D83E8A /* ML_ImgViewController.swift */ = {isa = PBXFileReference; lastKnownFileType = sourcecode.swift; path = ML_ImgViewController.swift; sourceTree = "<group>"; };
		194A10782011E9AF00D83E8A /* UIImage+CVPixelBuffer.swift */ = {isa = PBXFileReference; fileEncoding = 4; lastKnownFileType = sourcecode.swift; path = "UIImage+CVPixelBuffer.swift"; sourceTree = "<group>"; };
		1955765A1FF4CBD800655B88 /* FiveARViewController.swift */ = {isa = PBXFileReference; lastKnownFileType = sourcecode.swift; path = FiveARViewController.swift; sourceTree = "<group>"; };
		196B0AC1200C860E00B144EF /* TwelveARViewController.swift */ = {isa = PBXFileReference; lastKnownFileType = sourcecode.swift; path = TwelveARViewController.swift; sourceTree = "<group>"; };
		197F5B901FF38EC800F693B7 /* ThreeARViewController.swift */ = {isa = PBXFileReference; lastKnownFileType = sourcecode.swift; path = ThreeARViewController.swift; sourceTree = "<group>"; };
		197F5B921FF39BDF00F693B7 /* FourARViewController.swift */ = {isa = PBXFileReference; lastKnownFileType = sourcecode.swift; path = FourARViewController.swift; sourceTree = "<group>"; };
		19B68B241FFC7A350027EDFC /* SevenARViewController.swift */ = {isa = PBXFileReference; lastKnownFileType = sourcecode.swift; path = SevenARViewController.swift; sourceTree = "<group>"; };
		19B68B261FFCCC360027EDFC /* EightARViewController.swift */ = {isa = PBXFileReference; lastKnownFileType = sourcecode.swift; path = EightARViewController.swift; sourceTree = "<group>"; };
		19CB6EB81FFB2FAC00CEF2F8 /* SixARViewController.swift */ = {isa = PBXFileReference; lastKnownFileType = sourcecode.swift; path = SixARViewController.swift; sourceTree = "<group>"; };
		19E1FD6020036BC700F6165F /* TenARViewController.swift */ = {isa = PBXFileReference; lastKnownFileType = sourcecode.swift; path = TenARViewController.swift; sourceTree = "<group>"; };
		19E1FD6320036C2500F6165F /* Utilities.swift */ = {isa = PBXFileReference; fileEncoding = 4; lastKnownFileType = sourcecode.swift; path = Utilities.swift; sourceTree = "<group>"; };
		19E1FD6420036C2600F6165F /* ARSCNView+HitTests.swift */ = {isa = PBXFileReference; fileEncoding = 4; lastKnownFileType = sourcecode.swift; path = "ARSCNView+HitTests.swift"; sourceTree = "<group>"; };
		19E1FD6520036C2600F6165F /* PreviewNode.swift */ = {isa = PBXFileReference; fileEncoding = 4; lastKnownFileType = sourcecode.swift; path = PreviewNode.swift; sourceTree = "<group>"; };
		19E1FD6920036C9800F6165F /* Extensions.swift */ = {isa = PBXFileReference; fileEncoding = 4; lastKnownFileType = sourcecode.swift; path = Extensions.swift; sourceTree = "<group>"; };
		19E65CAA200746DC00E7B4BC /* ElevenARViewController.swift */ = {isa = PBXFileReference; lastKnownFileType = sourcecode.swift; path = ElevenARViewController.swift; sourceTree = "<group>"; };
		19F0662E1FF613CB00AB3750 /* grass.jpg */ = {isa = PBXFileReference; lastKnownFileType = image.jpeg; path = grass.jpg; sourceTree = "<group>"; };
/* End PBXFileReference section */

/* Begin PBXFrameworksBuildPhase section */
		1940D2011FF34AF10018914F /* Frameworks */ = {
			isa = PBXFrameworksBuildPhase;
			buildActionMask = 2147483647;
			files = (
				1903118C20109AC50001C25D /* Vision.framework in Frameworks */,
				1903118A20109AB60001C25D /* CoreML.framework in Frameworks */,
				19021BFE200F494400B8DF4E /* CoreLocation.framework in Frameworks */,
				19021BF7200F36C200B8DF4E /* ReplayKit.framework in Frameworks */,
			);
			runOnlyForDeploymentPostprocessing = 0;
		};
/* End PBXFrameworksBuildPhase section */

/* Begin PBXGroup section */
		19021BFA200F48D500B8DF4E /* ARKitSpitfireDemo */ = {
			isa = PBXGroup;
			children = (
				19031185201073150001C25D /* LocationService.swift */,
				1903118720107A8A0001C25D /* MatrixHelper.swift */,
				19021BF8200F48B900B8DF4E /* ThirteenARViewController.swift */,
			);
			path = ARKitSpitfireDemo;
			sourceTree = "<group>";
		};
		1903118F20109FA60001C25D /* CoreML */ = {
			isa = PBXGroup;
			children = (
				1903118D20109AEB0001C25D /* MLDemoViewController.swift */,
				194A10742011D8B900D83E8A /* Inceptionv3.mlmodel */,
				194A10762011E72400D83E8A /* ML_ImgViewController.swift */,
				194A10782011E9AF00D83E8A /* UIImage+CVPixelBuffer.swift */,
			);
			path = CoreML;
			sourceTree = "<group>";
		};
		1940D1FB1FF34AF10018914F = {
			isa = PBXGroup;
			children = (
				1940D2061FF34AF10018914F /* ARDemo */,
				1940D2051FF34AF10018914F /* Products */,
				1940D23D1FF3675D0018914F /* Frameworks */,
			);
			sourceTree = "<group>";
		};
		1940D2051FF34AF10018914F /* Products */ = {
			isa = PBXGroup;
			children = (
				1940D2041FF34AF10018914F /* ARDemo.app */,
			);
			name = Products;
			sourceTree = "<group>";
		};
		1940D2061FF34AF10018914F /* ARDemo */ = {
			isa = PBXGroup;
			children = (
				1940D2071FF34AF10018914F /* AppDelegate.swift */,
				1940D2191FF34B570018914F /* TabViewController.swift */,
				1903118F20109FA60001C25D /* CoreML */,
				19021BFA200F48D500B8DF4E /* ARKitSpitfireDemo */,
				19E1FD6220036BD600F6165F /* AppleCupDemo */,
				19483E4C1FFDBAB800ED72F9 /* NineARViewController.swift */,
				19B68B261FFCCC360027EDFC /* EightARViewController.swift */,
				19B68B241FFC7A350027EDFC /* SevenARViewController.swift */,
				19CB6EB81FFB2FAC00CEF2F8 /* SixARViewController.swift */,
				1955765A1FF4CBD800655B88 /* FiveARViewController.swift */,
				197F5B921FF39BDF00F693B7 /* FourARViewController.swift */,
				197F5B901FF38EC800F693B7 /* ThreeARViewController.swift */,
				1940D2491FF378F60018914F /* TwoARViewController.swift */,
				1940D21B1FF34BC80018914F /* OneARViewController.swift */,
				19F0662E1FF613CB00AB3750 /* grass.jpg */,
				1940D2471FF369480018914F /* art.scnassets */,
				1940D2091FF34AF10018914F /* ViewController.swift */,
				1940D20B1FF34AF20018914F /* Main.storyboard */,
				1940D20E1FF34AF20018914F /* Assets.xcassets */,
				1940D2101FF34AF20018914F /* LaunchScreen.storyboard */,
				1940D2131FF34AF20018914F /* Info.plist */,
			);
			path = ARDemo;
			sourceTree = "<group>";
		};
		1940D23D1FF3675D0018914F /* Frameworks */ = {
			isa = PBXGroup;
			children = (
				1903118B20109AC50001C25D /* Vision.framework */,
				1903118920109AB60001C25D /* CoreML.framework */,
				19021BFD200F494400B8DF4E /* CoreLocation.framework */,
				19021BF6200F36C200B8DF4E /* ReplayKit.framework */,
				1940D2401FF367730018914F /* SceneKit.framework */,
				1940D23F1FF367620018914F /* ARKit.framework */,
				1940D23E1FF3675D0018914F /* UIKit.framework */,
			);
			name = Frameworks;
			sourceTree = "<group>";
		};
		19E1FD6220036BD600F6165F /* AppleCupDemo */ = {
			isa = PBXGroup;
			children = (
				19E1FD6420036C2600F6165F /* ARSCNView+HitTests.swift */,
				19E1FD6520036C2600F6165F /* PreviewNode.swift */,
				19E1FD6320036C2500F6165F /* Utilities.swift */,
				19E1FD6920036C9800F6165F /* Extensions.swift */,
				19E1FD6020036BC700F6165F /* TenARViewController.swift */,
				19E65CAA200746DC00E7B4BC /* ElevenARViewController.swift */,
				196B0AC1200C860E00B144EF /* TwelveARViewController.swift */,
			);
			path = AppleCupDemo;
			sourceTree = "<group>";
		};
/* End PBXGroup section */

/* Begin PBXNativeTarget section */
		1940D2031FF34AF10018914F /* ARDemo */ = {
			isa = PBXNativeTarget;
			buildConfigurationList = 1940D2161FF34AF20018914F /* Build configuration list for PBXNativeTarget "ARDemo" */;
			buildPhases = (
				1940D2001FF34AF10018914F /* Sources */,
				1940D2011FF34AF10018914F /* Frameworks */,
				1940D2021FF34AF10018914F /* Resources */,
			);
			buildRules = (
			);
			dependencies = (
			);
			name = ARDemo;
			productName = ARDemo;
			productReference = 1940D2041FF34AF10018914F /* ARDemo.app */;
			productType = "com.apple.product-type.application";
		};
/* End PBXNativeTarget section */

/* Begin PBXProject section */
		1940D1FC1FF34AF10018914F /* Project object */ = {
			isa = PBXProject;
			attributes = {
				LastSwiftUpdateCheck = 0910;
				LastUpgradeCheck = 0910;
				ORGANIZATIONNAME = syc;
				TargetAttributes = {
					1940D2031FF34AF10018914F = {
						CreatedOnToolsVersion = 9.1;
						ProvisioningStyle = Automatic;
					};
				};
			};
			buildConfigurationList = 1940D1FF1FF34AF10018914F /* Build configuration list for PBXProject "ARDemo" */;
			compatibilityVersion = "Xcode 8.0";
			developmentRegion = en;
			hasScannedForEncodings = 0;
			knownRegions = (
				en,
				Base,
			);
			mainGroup = 1940D1FB1FF34AF10018914F;
			productRefGroup = 1940D2051FF34AF10018914F /* Products */;
			projectDirPath = "";
			projectRoot = "";
			targets = (
				1940D2031FF34AF10018914F /* ARDemo */,
			);
		};
/* End PBXProject section */

/* Begin PBXResourcesBuildPhase section */
		1940D2021FF34AF10018914F /* Resources */ = {
			isa = PBXResourcesBuildPhase;
			buildActionMask = 2147483647;
			files = (
				1940D2121FF34AF20018914F /* LaunchScreen.storyboard in Resources */,
				1940D20F1FF34AF20018914F /* Assets.xcassets in Resources */,
				19F0662F1FF613CB00AB3750 /* grass.jpg in Resources */,
				1940D2481FF369480018914F /* art.scnassets in Resources */,
				1940D20D1FF34AF20018914F /* Main.storyboard in Resources */,
			);
			runOnlyForDeploymentPostprocessing = 0;
		};
/* End PBXResourcesBuildPhase section */

/* Begin PBXSourcesBuildPhase section */
		1940D2001FF34AF10018914F /* Sources */ = {
			isa = PBXSourcesBuildPhase;
			buildActionMask = 2147483647;
			files = (
				197F5B911FF38EC800F693B7 /* ThreeARViewController.swift in Sources */,
				194A10792011E9AF00D83E8A /* UIImage+CVPixelBuffer.swift in Sources */,
				19E1FD6720036C2600F6165F /* ARSCNView+HitTests.swift in Sources */,
				19E1FD6120036BC700F6165F /* TenARViewController.swift in Sources */,
				194A10772011E72400D83E8A /* ML_ImgViewController.swift in Sources */,
				19E1FD6620036C2600F6165F /* Utilities.swift in Sources */,
				19E1FD6820036C2600F6165F /* PreviewNode.swift in Sources */,
				1940D24A1FF378F60018914F /* TwoARViewController.swift in Sources */,
				19021BF9200F48B900B8DF4E /* ThirteenARViewController.swift in Sources */,
				19031186201073150001C25D /* LocationService.swift in Sources */,
				19E65CAB200746DC00E7B4BC /* ElevenARViewController.swift in Sources */,
				194A10752011D8B900D83E8A /* Inceptionv3.mlmodel in Sources */,
				1940D21C1FF34BC80018914F /* OneARViewController.swift in Sources */,
				1955765B1FF4CBD800655B88 /* FiveARViewController.swift in Sources */,
				1940D21A1FF34B570018914F /* TabViewController.swift in Sources */,
				1940D20A1FF34AF10018914F /* ViewController.swift in Sources */,
				19B68B271FFCCC360027EDFC /* EightARViewController.swift in Sources */,
				1903118E20109AEB0001C25D /* MLDemoViewController.swift in Sources */,
				196B0AC2200C860E00B144EF /* TwelveARViewController.swift in Sources */,
				197F5B931FF39BDF00F693B7 /* FourARViewController.swift in Sources */,
				19CB6EB91FFB2FAC00CEF2F8 /* SixARViewController.swift in Sources */,
				19483E4D1FFDBAB800ED72F9 /* NineARViewController.swift in Sources */,
				19E1FD6A20036C9800F6165F /* Extensions.swift in Sources */,
				1940D2081FF34AF10018914F /* AppDelegate.swift in Sources */,
				1903118820107A8A0001C25D /* MatrixHelper.swift in Sources */,
				19B68B251FFC7A350027EDFC /* SevenARViewController.swift in Sources */,
			);
			runOnlyForDeploymentPostprocessing = 0;
		};
/* End PBXSourcesBuildPhase section */

/* Begin PBXVariantGroup section */
		1940D20B1FF34AF20018914F /* Main.storyboard */ = {
			isa = PBXVariantGroup;
			children = (
				1940D20C1FF34AF20018914F /* Base */,
			);
			name = Main.storyboard;
			sourceTree = "<group>";
		};
		1940D2101FF34AF20018914F /* LaunchScreen.storyboard */ = {
			isa = PBXVariantGroup;
			children = (
				1940D2111FF34AF20018914F /* Base */,
			);
			name = LaunchScreen.storyboard;
			sourceTree = "<group>";
		};
/* End PBXVariantGroup section */

/* Begin XCBuildConfiguration section */
		1940D2141FF34AF20018914F /* Debug */ = {
			isa = XCBuildConfiguration;
			buildSettings = {
				ALWAYS_SEARCH_USER_PATHS = NO;
				CLANG_ANALYZER_NONNULL = YES;
				CLANG_ANALYZER_NUMBER_OBJECT_CONVERSION = YES_AGGRESSIVE;
				CLANG_CXX_LANGUAGE_STANDARD = "gnu++14";
				CLANG_CXX_LIBRARY = "libc++";
				CLANG_ENABLE_MODULES = YES;
				CLANG_ENABLE_OBJC_ARC = YES;
				CLANG_WARN_BLOCK_CAPTURE_AUTORELEASING = YES;
				CLANG_WARN_BOOL_CONVERSION = YES;
				CLANG_WARN_COMMA = YES;
				CLANG_WARN_CONSTANT_CONVERSION = YES;
				CLANG_WARN_DIRECT_OBJC_ISA_USAGE = YES_ERROR;
				CLANG_WARN_DOCUMENTATION_COMMENTS = YES;
				CLANG_WARN_EMPTY_BODY = YES;
				CLANG_WARN_ENUM_CONVERSION = YES;
				CLANG_WARN_INFINITE_RECURSION = YES;
				CLANG_WARN_INT_CONVERSION = YES;
				CLANG_WARN_NON_LITERAL_NULL_CONVERSION = YES;
				CLANG_WARN_OBJC_LITERAL_CONVERSION = YES;
				CLANG_WARN_OBJC_ROOT_CLASS = YES_ERROR;
				CLANG_WARN_RANGE_LOOP_ANALYSIS = YES;
				CLANG_WARN_STRICT_PROTOTYPES = YES;
				CLANG_WARN_SUSPICIOUS_MOVE = YES;
				CLANG_WARN_UNGUARDED_AVAILABILITY = YES_AGGRESSIVE;
				CLANG_WARN_UNREACHABLE_CODE = YES;
				CLANG_WARN__DUPLICATE_METHOD_MATCH = YES;
				CODE_SIGN_IDENTITY = "iPhone Developer";
				COPY_PHASE_STRIP = NO;
				DEBUG_INFORMATION_FORMAT = dwarf;
				ENABLE_STRICT_OBJC_MSGSEND = YES;
				ENABLE_TESTABILITY = YES;
				GCC_C_LANGUAGE_STANDARD = gnu11;
				GCC_DYNAMIC_NO_PIC = NO;
				GCC_NO_COMMON_BLOCKS = YES;
				GCC_OPTIMIZATION_LEVEL = 0;
				GCC_PREPROCESSOR_DEFINITIONS = (
					"DEBUG=1",
					"$(inherited)",
				);
				GCC_WARN_64_TO_32_BIT_CONVERSION = YES;
				GCC_WARN_ABOUT_RETURN_TYPE = YES_ERROR;
				GCC_WARN_UNDECLARED_SELECTOR = YES;
				GCC_WARN_UNINITIALIZED_AUTOS = YES_AGGRESSIVE;
				GCC_WARN_UNUSED_FUNCTION = YES;
				GCC_WARN_UNUSED_VARIABLE = YES;
				IPHONEOS_DEPLOYMENT_TARGET = 11.1;
				MTL_ENABLE_DEBUG_INFO = YES;
				ONLY_ACTIVE_ARCH = YES;
				SDKROOT = iphoneos;
				SWIFT_ACTIVE_COMPILATION_CONDITIONS = DEBUG;
				SWIFT_OPTIMIZATION_LEVEL = "-Onone";
			};
			name = Debug;
		};
		1940D2151FF34AF20018914F /* Release */ = {
			isa = XCBuildConfiguration;
			buildSettings = {
				ALWAYS_SEARCH_USER_PATHS = NO;
				CLANG_ANALYZER_NONNULL = YES;
				CLANG_ANALYZER_NUMBER_OBJECT_CONVERSION = YES_AGGRESSIVE;
				CLANG_CXX_LANGUAGE_STANDARD = "gnu++14";
				CLANG_CXX_LIBRARY = "libc++";
				CLANG_ENABLE_MODULES = YES;
				CLANG_ENABLE_OBJC_ARC = YES;
				CLANG_WARN_BLOCK_CAPTURE_AUTORELEASING = YES;
				CLANG_WARN_BOOL_CONVERSION = YES;
				CLANG_WARN_COMMA = YES;
				CLANG_WARN_CONSTANT_CONVERSION = YES;
				CLANG_WARN_DIRECT_OBJC_ISA_USAGE = YES_ERROR;
				CLANG_WARN_DOCUMENTATION_COMMENTS = YES;
				CLANG_WARN_EMPTY_BODY = YES;
				CLANG_WARN_ENUM_CONVERSION = YES;
				CLANG_WARN_INFINITE_RECURSION = YES;
				CLANG_WARN_INT_CONVERSION = YES;
				CLANG_WARN_NON_LITERAL_NULL_CONVERSION = YES;
				CLANG_WARN_OBJC_LITERAL_CONVERSION = YES;
				CLANG_WARN_OBJC_ROOT_CLASS = YES_ERROR;
				CLANG_WARN_RANGE_LOOP_ANALYSIS = YES;
				CLANG_WARN_STRICT_PROTOTYPES = YES;
				CLANG_WARN_SUSPICIOUS_MOVE = YES;
				CLANG_WARN_UNGUARDED_AVAILABILITY = YES_AGGRESSIVE;
				CLANG_WARN_UNREACHABLE_CODE = YES;
				CLANG_WARN__DUPLICATE_METHOD_MATCH = YES;
				CODE_SIGN_IDENTITY = "iPhone Developer";
				COPY_PHASE_STRIP = NO;
				DEBUG_INFORMATION_FORMAT = "dwarf-with-dsym";
				ENABLE_NS_ASSERTIONS = NO;
				ENABLE_STRICT_OBJC_MSGSEND = YES;
				GCC_C_LANGUAGE_STANDARD = gnu11;
				GCC_NO_COMMON_BLOCKS = YES;
				GCC_WARN_64_TO_32_BIT_CONVERSION = YES;
				GCC_WARN_ABOUT_RETURN_TYPE = YES_ERROR;
				GCC_WARN_UNDECLARED_SELECTOR = YES;
				GCC_WARN_UNINITIALIZED_AUTOS = YES_AGGRESSIVE;
				GCC_WARN_UNUSED_FUNCTION = YES;
				GCC_WARN_UNUSED_VARIABLE = YES;
				IPHONEOS_DEPLOYMENT_TARGET = 11.1;
				MTL_ENABLE_DEBUG_INFO = NO;
				SDKROOT = iphoneos;
				SWIFT_OPTIMIZATION_LEVEL = "-Owholemodule";
				VALIDATE_PRODUCT = YES;
			};
			name = Release;
		};
		1940D2171FF34AF20018914F /* Debug */ = {
			isa = XCBuildConfiguration;
			buildSettings = {
				ASSETCATALOG_COMPILER_APPICON_NAME = AppIcon;
				CODE_SIGN_STYLE = Automatic;
				DEVELOPMENT_TEAM = XQP5327YF6;
				INFOPLIST_FILE = ARDemo/Info.plist;
				LD_RUNPATH_SEARCH_PATHS = "$(inherited) @executable_path/Frameworks";
				PRODUCT_BUNDLE_IDENTIFIER = cn.syc.app;
				PRODUCT_NAME = "$(TARGET_NAME)";
				SWIFT_VERSION = 4.0;
				TARGETED_DEVICE_FAMILY = "1,2";
			};
			name = Debug;
		};
		1940D2181FF34AF20018914F /* Release */ = {
			isa = XCBuildConfiguration;
			buildSettings = {
				ASSETCATALOG_COMPILER_APPICON_NAME = AppIcon;
				CODE_SIGN_STYLE = Automatic;
				DEVELOPMENT_TEAM = XQP5327YF6;
				INFOPLIST_FILE = ARDemo/Info.plist;
				LD_RUNPATH_SEARCH_PATHS = "$(inherited) @executable_path/Frameworks";
				PRODUCT_BUNDLE_IDENTIFIER = cn.syc.app;
				PRODUCT_NAME = "$(TARGET_NAME)";
				SWIFT_VERSION = 4.0;
				TARGETED_DEVICE_FAMILY = "1,2";
			};
			name = Release;
		};
/* End XCBuildConfiguration section */

/* Begin XCConfigurationList section */
		1940D1FF1FF34AF10018914F /* Build configuration list for PBXProject "ARDemo" */ = {
			isa = XCConfigurationList;
			buildConfigurations = (
				1940D2141FF34AF20018914F /* Debug */,
				1940D2151FF34AF20018914F /* Release */,
			);
			defaultConfigurationIsVisible = 0;
			defaultConfigurationName = Release;
		};
		1940D2161FF34AF20018914F /* Build configuration list for PBXNativeTarget "ARDemo" */ = {
			isa = XCConfigurationList;
			buildConfigurations = (
				1940D2171FF34AF20018914F /* Debug */,
				1940D2181FF34AF20018914F /* Release */,
			);
			defaultConfigurationIsVisible = 0;
			defaultConfigurationName = Release;
		};
/* End XCConfigurationList section */
	};
	rootObject = 1940D1FC1FF34AF10018914F /* Project object */;
}
